github.com/gocarina/gocsv v0.0.0-20220531201732-5f969b02b902 h1:MQpU1uHOSGIbSibiJ246ZUPToUDUT+HBY6Y4lQTVyII=
github.com/gocarina/gocsv v0.0.0-20220531201732-5f969b02b902/go.mod h1:5YoVOkjYAQumqlV356Hj3xeYh4BdZuLE0/nRkf2NKkI=
github.com/lib/pq v1.10.6 h1:jbk+ZieJ0D7EVGJYpL9QTz7/YW6UHbmdnZWYyK5cdBs=
github.com/lib/pq v1.10.6/go.mod h1:AlVN5x4E4T544tWzH6hKfbfQvm3HdbOxrmggDNAPY9o=
